{
  "name": "stock-collector",
  "version": "1.0.0",
  "lockfileVersion": 1,
  "requires": true,
  "dependencies": {
    "axios": {
      "version": "0.18.0",
      "resolved": "https://registry.npmjs.org/axios/-/axios-0.18.0.tgz",
      "integrity": "sha1-MtU+SFHv3AoRmTts0AB4nXDAUQI=",
      "requires": {
        "follow-redirects": "1.4.1",
        "is-buffer": "1.1.6"
      }
    },
    "bluebird": {
      "version": "3.5.1",
      "resolved": "https://registry.npmjs.org/bluebird/-/bluebird-3.5.1.tgz",
      "integrity": "sha512-MKiLiV+I1AA596t9w1sQJ8jkiSr5+ZKi0WKrYGUn6d1Fx+Ij4tIj+m2WMQSGczs5jZVxV339chE8iwk6F64wjA=="
    },
    "bson": {
      "version": "1.1.6",
      "resolved": "https://registry.npmjs.org/bson/-/bson-1.1.6.tgz",
      "integrity": "sha512-EvVNVeGo4tHxwi8L6bPj3y3itEvStdwvvlojVxxbyYfoaxJ6keLgrTuKdyfEAszFK+H3olzBuafE0yoh0D1gdg=="
    },
    "csvtojson": {
      "version": "2.0.0",
      "resolved": "https://registry.npmjs.org/csvtojson/-/csvtojson-2.0.0.tgz",
      "integrity": "sha1-aI6GZUCBS+1tmhZIzjG9O4pNVw8=",
      "requires": {
        "bluebird": "3.5.1",
        "lodash": "4.17.10",
        "strip-bom": "2.0.0"
      }
    },
    "debug": {
      "version": "3.1.0",
      "resolved": "https://registry.npmjs.org/debug/-/debug-3.1.0.tgz",
      "integrity": "sha512-OX8XqP7/1a9cqkxYw2yXss15f26NKWBpDXQd0/uK/KPqdQhxbPa994hnzjcE2VqQpDslf55723cKPUOGSmMY3g==",
      "requires": {
        "ms": "2.0.0"
      }
    },
    "delay": {
      "version": "3.0.0",
      "resolved": "https://registry.npmjs.org/delay/-/delay-3.0.0.tgz",
      "integrity": "sha512-6d9nF+lHG/HOZTmX/8/FgWm5UZQUF5O2SnnUvBZail1ESK1QixrmFn7vaW9hycz0/uwcmkqLyHDER+/AgCxbsQ=="
    },
    "follow-redirects": {
      "version": "1.4.1",
      "resolved": "https://registry.npmjs.org/follow-redirects/-/follow-redirects-1.4.1.tgz",
      "integrity": "sha512-uxYePVPogtya1ktGnAAXOacnbIuRMB4dkvqeNz2qTtTQsuzSfbDolV+wMMKxAmCx0bLgAKLbBOkjItMbbkR1vg==",
      "requires": {
        "debug": "3.1.0"
      }
    },
    "is-buffer": {
      "version": "1.1.6",
      "resolved": "https://registry.npmjs.org/is-buffer/-/is-buffer-1.1.6.tgz",
      "integrity": "sha512-NcdALwpXkTm5Zvvbk7owOUSvVvBKDgKP5/ewfXEznmQFfs4ZRmanOeKBTjRVjka3QFoN6XJ+9F3USqfHqTaU5w=="
    },
    "is-utf8": {
      "version": "0.2.1",
      "resolved": "https://registry.npmjs.org/is-utf8/-/is-utf8-0.2.1.tgz",
      "integrity": "sha1-Sw2hRCEE0bM2NA6AeX6GXPOffXI="
    },
    "lodash": {
      "version": "4.17.10",
      "resolved": "https://registry.npmjs.org/lodash/-/lodash-4.17.10.tgz",
      "integrity": "sha512-UejweD1pDoXu+AD825lWwp4ZGtSwgnpZxb3JDViD7StjQz+Nb/6l093lx4OQ0foGWNRoc19mWy7BzL+UAK2iVg=="
    },
    "memory-pager": {
      "version": "1.5.0",
      "resolved": "https://registry.npmjs.org/memory-pager/-/memory-pager-1.5.0.tgz",
      "integrity": "sha512-ZS4Bp4r/Zoeq6+NLJpP+0Zzm0pR8whtGPf1XExKLJBAczGMnSi3It14OiNCStjQjM6NU1okjQGSxgEZN8eBYKg==",
      "optional": true
    },
    "moment": {
      "version": "2.22.2",
      "resolved": "https://registry.npmjs.org/moment/-/moment-2.22.2.tgz",
      "integrity": "sha1-PCV/mDn8DpP/UxSWMiOeuQeD/2Y="
    },
    "mongodb": {
      "version": "3.1.3",
      "resolved": "https://registry.npmjs.org/mongodb/-/mongodb-3.1.3.tgz",
      "integrity": "sha512-hfzI54/fe+604w5gP+i9aJ5GGVxnquxZ09ZN1cyLTbpnBfDRpj78lN59SBdDRkF1VNTzmM2KcgDWhHHDHcsJxw==",
      "requires": {
        "mongodb-core": "3.1.2"
      }
    },
    "mongodb-core": {
      "version": "3.1.2",
      "resolved": "https://registry.npmjs.org/mongodb-core/-/mongodb-core-3.1.2.tgz",
      "integrity": "sha512-R2XxGzsmhlUeOK2jKATj1TWn3q3qNcJpKrSh0rhaBSHxJmV7WZ+ikjocdY8VdJxUkKqOxM8rxMqOAEzeJ3p1ww==",
      "requires": {
        "bson": "^1.1.0",
        "require_optional": "^1.0.1",
        "saslprep": "^1.0.0"
      }
    },
    "ms": {
      "version": "2.0.0",
      "resolved": "https://registry.npmjs.org/ms/-/ms-2.0.0.tgz",
      "integrity": "sha1-VgiurfwAvmwpAd9fmGF4jeDVl8g="
    },
    "require_optional": {
      "version": "1.0.1",
      "resolved": "https://registry.npmjs.org/require_optional/-/require_optional-1.0.1.tgz",
      "integrity": "sha512-qhM/y57enGWHAe3v/NcwML6a3/vfESLe/sGM2dII+gEO0BpKRUkWZow/tyloNqJyN6kXSl3RyyM8Ll5D/sJP8g==",
      "requires": {
        "resolve-from": "^2.0.0",
        "semver": "^5.1.0"
      }
    },
    "resolve-from": {
      "version": "2.0.0",
      "resolved": "https://registry.npmjs.org/resolve-from/-/resolve-from-2.0.0.tgz",
      "integrity": "sha512-qpFcKaXsq8+oRoLilkwyc7zHGF5i9Q2/25NIgLQQ/+VVv9rU4qvr6nXVAw1DsnXJyQkZsR4Ytfbtg5ehfcUssQ=="
    },
    "saslprep": {
      "version": "1.0.3",
      "resolved": "https://registry.npmjs.org/saslprep/-/saslprep-1.0.3.tgz",
      "integrity": "sha512-/MY/PEMbk2SuY5sScONwhUDsV2p77Znkb/q3nSVstq/yQzYJOH/Azh29p9oJLsl3LnQwSvZDKagDGBsBwSooag==",
      "optional": true,
      "requires": {
        "sparse-bitfield": "^3.0.3"
      }
    },
    "semver": {
      "version": "5.7.2",
      "resolved": "https://registry.npmjs.org/semver/-/semver-5.7.2.tgz",
      "integrity": "sha512-cBznnQ9KjJqU67B52RMC65CMarK2600WFnbkcaiwWq3xy/5haFJlshgnpjovMVJ+Hff49d8GEn0b87C5pDQ10g=="
    },
    "sparse-bitfield": {
      "version": "3.0.3",
      "resolved": "https://registry.npmjs.org/sparse-bitfield/-/sparse-bitfield-3.0.3.tgz",
      "integrity": "sha512-kvzhi7vqKTfkh0PZU+2D2PIllw2ymqJKujUcyPMd9Y75Nv4nPbGJZXNhxsgdQab2BmlDct1YnfQCguEvHr7VsQ==",
      "optional": true,
      "requires": {
        "memory-pager": "^1.0.2"
      }
    },
    "strip-bom": {
      "version": "2.0.0",
      "resolved": "https://registry.npmjs.org/strip-bom/-/strip-bom-2.0.0.tgz",
      "integrity": "sha1-YhmoVhZSBJHzV4i9vxRHqZx+aw4=",
      "requires": {
        "is-utf8": "0.2.1"
      }
    }
  }
}
